// !$*UTF8*$!
{
	archiveVersion = 1;
	classes = {
	};
	objectVersion = 46;
	objects = {

/* Begin PBXBuildFile section */
		D430FF961E92DC7400C56BFB /* AppDelegate.swift in Sources */ = {isa = PBXBuildFile; fileRef = D430FF951E92DC7400C56BFB /* AppDelegate.swift */; };
		D430FF981E92DC7400C56BFB /* ViewController.swift in Sources */ = {isa = PBXBuildFile; fileRef = D430FF971E92DC7400C56BFB /* ViewController.swift */; };
		D430FF9B1E92DC7400C56BFB /* Main.storyboard in Resources */ = {isa = PBXBuildFile; fileRef = D430FF991E92DC7400C56BFB /* Main.storyboard */; };
		D430FF9E1E92DC7400C56BFB /* SoundBoard1.xcdatamodeld in Sources */ = {isa = PBXBuildFile; fileRef = D430FF9C1E92DC7400C56BFB /* SoundBoard1.xcdatamodeld */; };
		D430FFA01E92DC7400C56BFB /* Assets.xcassets in Resources */ = {isa = PBXBuildFile; fileRef = D430FF9F1E92DC7400C56BFB /* Assets.xcassets */; };
		D430FFA31E92DC7400C56BFB /* LaunchScreen.storyboard in Resources */ = {isa = PBXBuildFile; fileRef = D430FFA11E92DC7400C56BFB /* LaunchScreen.storyboard */; };
		D430FFAB1E92E6E900C56BFB /* SoundViewController.swift in Sources */ = {isa = PBXBuildFile; fileRef = D430FFAA1E92E6E900C56BFB /* SoundViewController.swift */; };
/* End PBXBuildFile section */

/* Begin PBXFileReference section */
		D430FF921E92DC7400C56BFB /* SoundBoard1.app */ = {isa = PBXFileReference; explicitFileType = wrapper.application; includeInIndex = 0; path = SoundBoard1.app; sourceTree = BUILT_PRODUCTS_DIR; };
		D430FF951E92DC7400C56BFB /* AppDelegate.swift */ = {isa = PBXFileReference; lastKnownFileType = sourcecode.swift; path = AppDelegate.swift; sourceTree = "<group>"; };
		D430FF971E92DC7400C56BFB /* ViewController.swift */ = {isa = PBXFileReference; lastKnownFileType = sourcecode.swift; path = ViewController.swift; sourceTree = "<group>"; };
		D430FF9A1E92DC7400C56BFB /* Base */ = {isa = PBXFileReference; lastKnownFileType = file.storyboard; name = Base; path = Base.lproj/Main.storyboard; sourceTree = "<group>"; };
		D430FF9D1E92DC7400C56BFB /* SoundBoard1.xcdatamodel */ = {isa = PBXFileReference; lastKnownFileType = wrapper.xcdatamodel; path = SoundBoard1.xcdatamodel; sourceTree = "<group>"; };
		D430FF9F1E92DC7400C56BFB /* Assets.xcassets */ = {isa = PBXFileReference; lastKnownFileType = folder.assetcatalog; path = Assets.xcassets; sourceTree = "<group>"; };
		D430FFA21E92DC7400C56BFB /* Base */ = {isa = PBXFileReference; lastKnownFileType = file.storyboard; name = Base; path = Base.lproj/LaunchScreen.storyboard; sourceTree = "<group>"; };
		D430FFA41E92DC7400C56BFB /* Info.plist */ = {isa = PBXFileReference; lastKnownFileType = text.plist.xml; path = Info.plist; sourceTree = "<group>"; };
		D430FFAA1E92E6E900C56BFB /* SoundViewController.swift */ = {isa = PBXFileReference; fileEncoding = 4; lastKnownFileType = sourcecode.swift; path = SoundViewController.swift; sourceTree = "<group>"; };
/* End PBXFileReference section */

/* Begin PBXFrameworksBuildPhase section */
		D430FF8F1E92DC7300C56BFB /* Frameworks */ = {
			isa = PBXFrameworksBuildPhase;
			buildActionMask = 2147483647;
			files = (
			);
			runOnlyForDeploymentPostprocessing = 0;
		};
/* End PBXFrameworksBuildPhase section */

/* Begin PBXGroup section */
		D430FF891E92DC7300C56BFB = {
			isa = PBXGroup;
			children = (
				D430FF941E92DC7400C56BFB /* SoundBoard1 */,
				D430FF931E92DC7400C56BFB /* Products */,
			);
			sourceTree = "<group>";
		};
		D430FF931E92DC7400C56BFB /* Products */ = {
			isa = PBXGroup;
			children = (
				D430FF921E92DC7400C56BFB /* SoundBoard1.app */,
			);
			name = Products;
			sourceTree = "<group>";
		};
		D430FF941E92DC7400C56BFB /* SoundBoard1 */ = {
			isa = PBXGroup;
			children = (
				D430FF951E92DC7400C56BFB /* AppDelegate.swift */,
				D430FF971E92DC7400C56BFB /* ViewController.swift */,
				D430FFAA1E92E6E900C56BFB /* SoundViewController.swift */,
				D430FF991E92DC7400C56BFB /* Main.storyboard */,
				D430FF9F1E92DC7400C56BFB /* Assets.xcassets */,
				D430FFA11E92DC7400C56BFB /* LaunchScreen.storyboard */,
				D430FFA41E92DC7400C56BFB /* Info.plist */,
				D430FF9C1E92DC7400C56BFB /* SoundBoard1.xcdatamodeld */,
			);
			path = SoundBoard1;
			sourceTree = "<group>";
		};
/* End PBXGroup section */

/* Begin PBXNativeTarget section */
		D430FF911E92DC7300C56BFB /* SoundBoard1 */ = {
			isa = PBXNativeTarget;
			buildConfigurationList = D430FFA71E92DC7400C56BFB /* Build configuration list for PBXNativeTarget "SoundBoard1" */;
			buildPhases = (
				D430FF8E1E92DC7300C56BFB /* Sources */,
				D430FF8F1E92DC7300C56BFB /* Frameworks */,
				D430FF901E92DC7300C56BFB /* Resources */,
			);
			buildRules = (
			);
			dependencies = (
			);
			name = SoundBoard1;
			productName = SoundBoard1;
			productReference = D430FF921E92DC7400C56BFB /* SoundBoard1.app */;
			productType = "com.apple.product-type.application";
		};
/* End PBXNativeTarget section */

/* Begin PBXProject section */
		D430FF8A1E92DC7300C56BFB /* Project object */ = {
			isa = PBXProject;
			attributes = {
				LastSwiftUpdateCheck = 0820;
				LastUpgradeCheck = 0820;
				ORGANIZATIONNAME = "Developer Warriors";
				TargetAttributes = {
					D430FF911E92DC7300C56BFB = {
						CreatedOnToolsVersion = 8.2.1;
						DevelopmentTeam = M5PT8574CS;
						ProvisioningStyle = Automatic;
					};
				};
			};
			buildConfigurationList = D430FF8D1E92DC7300C56BFB /* Build configuration list for PBXProject "SoundBoard1" */;
			compatibilityVersion = "Xcode 3.2";
			developmentRegion = English;
			hasScannedForEncodings = 0;
			knownRegions = (
				en,
				Base,
			);
			mainGroup = D430FF891E92DC7300C56BFB;
			productRefGroup = D430FF931E92DC7400C56BFB /* Products */;
			projectDirPath = "";
			projectRoot = "";
			targets = (
				D430FF911E92DC7300C56BFB /* SoundBoard1 */,
			);
		};
/* End PBXProject section */

/* Begin PBXResourcesBuildPhase section */
		D430FF901E92DC7300C56BFB /* Resources */ = {
			isa = PBXResourcesBuildPhase;
			buildActionMask = 2147483647;
			files = (
				D430FFA31E92DC7400C56BFB /* LaunchScreen.storyboard in Resources */,
				D430FFA01E92DC7400C56BFB /* Assets.xcassets in Resources */,
				D430FF9B1E92DC7400C56BFB /* Main.storyboard in Resources */,
			);
			runOnlyForDeploymentPostprocessing = 0;
		};
/* End PBXResourcesBuildPhase section */

/* Begin PBXSourcesBuildPhase section */
		D430FF8E1E92DC7300C56BFB /* Sources */ = {
			isa = PBXSourcesBuildPhase;
			buildActionMask = 2147483647;
			files = (
				D430FFAB1E92E6E900C56BFB /* SoundViewController.swift in Sources */,
				D430FF981E92DC7400C56BFB /* ViewController.swift in Sources */,
				D430FF961E92DC7400C56BFB /* AppDelegate.swift in Sources */,
				D430FF9E1E92DC7400C56BFB /* SoundBoard1.xcdatamodeld in Sources */,
			);
			runOnlyForDeploymentPostprocessing = 0;
		};
/* End PBXSourcesBuildPhase section */

/* Begin PBXVariantGroup section */
		D430FF991E92DC7400C56BFB /* Main.storyboard */ = {
			isa = PBXVariantGroup;
			children = (
				D430FF9A1E92DC7400C56BFB /* Base */,
			);
			name = Main.storyboard;
			sourceTree = "<group>";
		};
		D430FFA11E92DC7400C56BFB /* LaunchScreen.storyboard */ = {
			isa = PBXVariantGroup;
			children = (
				D430FFA21E92DC7400C56BFB /* Base */,
			);
			name = LaunchScreen.storyboard;
			sourceTree = "<group>";
		};
/* End PBXVariantGroup section */

/* Begin XCBuildConfiguration section */
		D430FFA51E92DC7400C56BFB /* Debug */ = {
			isa = XCBuildConfiguration;
			buildSettings = {
				ALWAYS_SEARCH_USER_PATHS = NO;
				CLANG_ANALYZER_NONNULL = YES;
				CLANG_CXX_LANGUAGE_STANDARD = "gnu++0x";
				CLANG_CXX_LIBRARY = "libc++";
				CLANG_ENABLE_MODULES = YES;
				CLANG_ENABLE_OBJC_ARC = YES;
				CLANG_WARN_BOOL_CONVERSION = YES;
				CLANG_WARN_CONSTANT_CONVERSION = YES;
				CLANG_WARN_DIRECT_OBJC_ISA_USAGE = YES_ERROR;
				CLANG_WARN_DOCUMENTATION_COMMENTS = YES;
				CLANG_WARN_EMPTY_BODY = YES;
				CLANG_WARN_ENUM_CONVERSION = YES;
				CLANG_WARN_INFINITE_RECURSION = YES;
				CLANG_WARN_INT_CONVERSION = YES;
				CLANG_WARN_OBJC_ROOT_CLASS = YES_ERROR;
				CLANG_WARN_SUSPICIOUS_MOVE = YES;
				CLANG_WARN_UNREACHABLE_CODE = YES;
				CLANG_WARN__DUPLICATE_METHOD_MATCH = YES;
				"CODE_SIGN_IDENTITY[sdk=iphoneos*]" = "iPhone Developer";
				COPY_PHASE_STRIP = NO;
				DEBUG_INFORMATION_FORMAT = dwarf;
				ENABLE_STRICT_OBJC_MSGSEND = YES;
				ENABLE_TESTABILITY = YES;
				GCC_C_LANGUAGE_STANDARD = gnu99;
				GCC_DYNAMIC_NO_PIC = NO;
				GCC_NO_COMMON_BLOCKS = YES;
				GCC_OPTIMIZATION_LEVEL = 0;
				GCC_PREPROCESSOR_DEFINITIONS = (
					"DEBUG=1",
					"$(inherited)",
				);
				GCC_WARN_64_TO_32_BIT_CONVERSION = YES;
				GCC_WARN_ABOUT_RETURN_TYPE = YES_ERROR;
				GCC_WARN_UNDECLARED_SELECTOR = YES;
				GCC_WARN_UNINITIALIZED_AUTOS = YES_AGGRESSIVE;
				GCC_WARN_UNUSED_FUNCTION = YES;
				GCC_WARN_UNUSED_VARIABLE = YES;
				IPHONEOS_DEPLOYMENT_TARGET = 10.2;
				MTL_ENABLE_DEBUG_INFO = YES;
				ONLY_ACTIVE_ARCH = YES;
				SDKROOT = iphoneos;
				SWIFT_ACTIVE_COMPILATION_CONDITIONS = DEBUG;
				SWIFT_OPTIMIZATION_LEVEL = "-Onone";
				TARGETED_DEVICE_FAMILY = "1,2";
			};
			name = Debug;
		};
		D430FFA61E92DC7400C56BFB /* Release */ = {
			isa = XCBuildConfiguration;
			buildSettings = {
				ALWAYS_SEARCH_USER_PATHS = NO;
				CLANG_ANALYZER_NONNULL = YES;
				CLANG_CXX_LANGUAGE_STANDARD = "gnu++0x";
				CLANG_CXX_LIBRARY = "libc++";
				CLANG_ENABLE_MODULES = YES;
				CLANG_ENABLE_OBJC_ARC = YES;
				CLANG_WARN_BOOL_CONVERSION = YES;
				CLANG_WARN_CONSTANT_CONVERSION = YES;
				CLANG_WARN_DIRECT_OBJC_ISA_USAGE = YES_ERROR;
				CLANG_WARN_DOCUMENTATION_COMMENTS = YES;
				CLANG_WARN_EMPTY_BODY = YES;
				CLANG_WARN_ENUM_CONVERSION = YES;
				CLANG_WARN_INFINITE_RECURSION = YES;
				CLANG_WARN_INT_CONVERSION = YES;
				CLANG_WARN_OBJC_ROOT_CLASS = YES_ERROR;
				CLANG_WARN_SUSPICIOUS_MOVE = YES;
				CLANG_WARN_UNREACHABLE_CODE = YES;
				CLANG_WARN__DUPLICATE_METHOD_MATCH = YES;
				"CODE_SIGN_IDENTITY[sdk=iphoneos*]" = "iPhone Developer";
				COPY_PHASE_STRIP = NO;
				DEBUG_INFORMATION_FORMAT = "dwarf-with-dsym";
				ENABLE_NS_ASSERTIONS = NO;
				ENABLE_STRICT_OBJC_MSGSEND = YES;
				GCC_C_LANGUAGE_STANDARD = gnu99;
				GCC_NO_COMMON_BLOCKS = YES;
				GCC_WARN_64_TO_32_BIT_CONVERSION = YES;
				GCC_WARN_ABOUT_RETURN_TYPE = YES_ERROR;
				GCC_WARN_UNDECLARED_SELECTOR = YES;
				GCC_WARN_UNINITIALIZED_AUTOS = YES_AGGRESSIVE;
				GCC_WARN_UNUSED_FUNCTION = YES;
				GCC_WARN_UNUSED_VARIABLE = YES;
				IPHONEOS_DEPLOYMENT_TARGET = 10.2;
				MTL_ENABLE_DEBUG_INFO = NO;
				SDKROOT = iphoneos;
				SWIFT_OPTIMIZATION_LEVEL = "-Owholemodule";
				TARGETED_DEVICE_FAMILY = "1,2";
				VALIDATE_PRODUCT = YES;
			};
			name = Release;
		};
		D430FFA81E92DC7400C56BFB /* Debug */ = {
			isa = XCBuildConfiguration;
			buildSettings = {
				ASSETCATALOG_COMPILER_APPICON_NAME = AppIcon;
				DEVELOPMENT_TEAM = M5PT8574CS;
				INFOPLIST_FILE = SoundBoard1/Info.plist;
				LD_RUNPATH_SEARCH_PATHS = "$(inherited) @executable_path/Frameworks";
				PRODUCT_BUNDLE_IDENTIFIER = com.developerwarriors.SoundBoard1;
				PRODUCT_NAME = "$(TARGET_NAME)";
				SWIFT_VERSION = 3.0;
			};
			name = Debug;
		};
		D430FFA91E92DC7400C56BFB /* Release */ = {
			isa = XCBuildConfiguration;
			buildSettings = {
				ASSETCATALOG_COMPILER_APPICON_NAME = AppIcon;
				DEVELOPMENT_TEAM = M5PT8574CS;
				INFOPLIST_FILE = SoundBoard1/Info.plist;
				LD_RUNPATH_SEARCH_PATHS = "$(inherited) @executable_path/Frameworks";
				PRODUCT_BUNDLE_IDENTIFIER = com.developerwarriors.SoundBoard1;
				PRODUCT_NAME = "$(TARGET_NAME)";
				SWIFT_VERSION = 3.0;
			};
			name = Release;
		};
/* End XCBuildConfiguration section */

/* Begin XCConfigurationList section */
		D430FF8D1E92DC7300C56BFB /* Build configuration list for PBXProject "SoundBoard1" */ = {
			isa = XCConfigurationList;
			buildConfigurations = (
				D430FFA51E92DC7400C56BFB /* Debug */,
				D430FFA61E92DC7400C56BFB /* Release */,
			);
			defaultConfigurationIsVisible = 0;
			defaultConfigurationName = Release;
		};
		D430FFA71E92DC7400C56BFB /* Build configuration list for PBXNativeTarget "SoundBoard1" */ = {
			isa = XCConfigurationList;
			buildConfigurations = (
				D430FFA81E92DC7400C56BFB /* Debug */,
				D430FFA91E92DC7400C56BFB /* Release */,
			);
			defaultConfigurationIsVisible = 0;
		};
/* End XCConfigurationList section */

/* Begin XCVersionGroup section */
		D430FF9C1E92DC7400C56BFB /* SoundBoard1.xcdatamodeld */ = {
			isa = XCVersionGroup;
			children = (
				D430FF9D1E92DC7400C56BFB /* SoundBoard1.xcdatamodel */,
			);
			currentVersion = D430FF9D1E92DC7400C56BFB /* SoundBoard1.xcdatamodel */;
			path = SoundBoard1.xcdatamodeld;
			sourceTree = "<group>";
			versionGroupType = wrapper.xcdatamodel;
		};
/* End XCVersionGroup section */
	};
	rootObject = D430FF8A1E92DC7300C56BFB /* Project object */;
}
